
Microsoft Visual Studio Solution File, Format Version 12.00
# Visual Studio Version 17
VisualStudioVersion = 17.0.32112.339
MinimumVisualStudioVersion = 10.0.40219.1
Project("{9A19103F-16F7-4668-BE54-9A1E7A4F7556}") = "BlazorAppGuide.Server", "BlazorAppGuide\Server\BlazorAppGuide.Server.csproj", "{83DBD76D-1F61-4372-B38D-3241AE2FD44E}"
EndProject
Project("{9A19103F-16F7-4668-BE54-9A1E7A4F7556}") = "BlazorAppGuide.Client", "BlazorAppGuide\Client\BlazorAppGuide.Client.csproj", "{0C23FE09-B0CC-485A-AA96-354288FEA4C3}"
EndProject
Project("{9A19103F-16F7-4668-BE54-9A1E7A4F7556}") = "BlazorAppGuide.Shared", "BlazorAppGuide\Shared\BlazorAppGuide.Shared.csproj", "{056266D2-2BB0-4BA4-9E5E-925C29181341}"
EndProject
Project("{9A19103F-16F7-4668-BE54-9A1E7A4F7556}") = "Model", "Model\Model.csproj", "{83903F23-023A-46B3-B47B-CA2A4F9AB7A0}"
EndProject
Global
	GlobalSection(SolutionConfigurationPlatforms) = preSolution
		Debug|Any CPU = Debug|Any CPU
		Release|Any CPU = Release|Any CPU
	EndGlobalSection
	GlobalSection(ProjectConfigurationPlatforms) = postSolution
		{83DBD76D-1F61-4372-B38D-3241AE2FD44E}.Debug|Any CPU.ActiveCfg = Debug|Any CPU
		{83DBD76D-1F61-4372-B38D-3241AE2FD44E}.Debug|Any CPU.Build.0 = Debug|Any CPU
		{83DBD76D-1F61-4372-B38D-3241AE2FD44E}.Release|Any CPU.ActiveCfg = Release|Any CPU
		{83DBD76D-1F61-4372-B38D-3241AE2FD44E}.Release|Any CPU.Build.0 = Release|Any CPU
		{0C23FE09-B0CC-485A-AA96-354288FEA4C3}.Debug|Any CPU.ActiveCfg = Debug|Any CPU
		{0C23FE09-B0CC-485A-AA96-354288FEA4C3}.Debug|Any CPU.Build.0 = Debug|Any CPU
		{0C23FE09-B0CC-485A-AA96-354288FEA4C3}.Release|Any CPU.ActiveCfg = Release|Any CPU
		{0C23FE09-B0CC-485A-AA96-354288FEA4C3}.Release|Any CPU.Build.0 = Release|Any CPU
		{056266D2-2BB0-4BA4-9E5E-925C29181341}.Debug|Any CPU.ActiveCfg = Debug|Any CPU
		{056266D2-2BB0-4BA4-9E5E-925C29181341}.Debug|Any CPU.Build.0 = Debug|Any CPU
		{056266D2-2BB0-4BA4-9E5E-925C29181341}.Release|Any CPU.ActiveCfg = Release|Any CPU
		{056266D2-2BB0-4BA4-9E5E-925C29181341}.Release|Any CPU.Build.0 = Release|Any CPU
		{83903F23-023A-46B3-B47B-CA2A4F9AB7A0}.Debug|Any CPU.ActiveCfg = Debug|Any CPU
		{83903F23-023A-46B3-B47B-CA2A4F9AB7A0}.Debug|Any CPU.Build.0 = Debug|Any CPU
		{83903F23-023A-46B3-B47B-CA2A4F9AB7A0}.Release|Any CPU.ActiveCfg = Release|Any CPU
		{83903F23-023A-46B3-B47B-CA2A4F9AB7A0}.Release|Any CPU.Build.0 = Release|Any CPU
	EndGlobalSection
	GlobalSection(SolutionProperties) = preSolution
		HideSolutionNode = FALSE
	EndGlobalSection
	GlobalSection(ExtensibilityGlobals) = postSolution
		SolutionGuid = {24748BE0-D6F2-4A6A-8146-4B291E63EC4D}
	EndGlobalSection
EndGlobal
